
Microsoft Visual Studio Solution File, Format Version 12.00
# Visual Studio 2013
VisualStudioVersion = 12.0.30723.0
MinimumVisualStudioVersion = 10.0.40219.1
Project("{FAE04EC0-301F-11D3-BF4B-00C04F79EFBC}") = "UnityProject.Win", "WindowsStore\UnityProject\UnityProject.Win.csproj", "{9A513B19-3E02-41BF-8968-58BC58B0A6B3}"
EndProject
Project("{FAE04EC0-301F-11D3-BF4B-00C04F79EFBC}") = "UnityProject.WinPhone", "WindowsPhone\UnityProject\UnityProject.WinPhone.csproj", "{B00F6819-DE2A-40D7-8CD3-44CD3E5FAFD0}"
EndProject
Project("{2150E333-8FDC-42A3-9474-1A3956D46DE8}") = "Solution Items", "Solution Items", "{E229FCA1-ADD9-4404-8399-C0276E39BD42}"
	ProjectSection(SolutionItems) = preProject
		..\NuGet\Update_NuGet_Packages.bat = ..\NuGet\Update_NuGet_Packages.bat
		..\NuGet\Update_NuGet_Packages.proj = ..\NuGet\Update_NuGet_Packages.proj
	EndProjectSection
EndProject
Project("{FAE04EC0-301F-11D3-BF4B-00C04F79EFBC}") = "MarkerMetro.Unity.WinIntegrationWP8", "..\..\MarkerMetro.Unity.WinIntegration\MarkerMetro.Unity.WinIntegrationWP8\MarkerMetro.Unity.WinIntegrationWP8.csproj", "{E28075F4-2E4E-4ACC-B733-DC279D452CF0}"
EndProject
Project("{FAE04EC0-301F-11D3-BF4B-00C04F79EFBC}") = "Assembly-CSharp-firstpass-vs", "..\Assembly-CSharp-firstpass-vs.csproj", "{90CDE2A7-8387-A557-140D-C2F8EFB09D5B}"
EndProject
Project("{FAE04EC0-301F-11D3-BF4B-00C04F79EFBC}") = "Assembly-CSharp-vs", "..\Assembly-CSharp-vs.csproj", "{03C92405-2762-841D-5E89-E9557D9E581E}"
EndProject
Project("{FAE04EC0-301F-11D3-BF4B-00C04F79EFBC}") = "Facebook.Client-WP8", "..\..\facebook-winclient-sdk-mm\Source\Facebook.Client-WP8\Facebook.Client-WP8.csproj", "{90F83486-ED19-464F-A950-988B74E158D2}"
EndProject
Global
	GlobalSection(SolutionConfigurationPlatforms) = preSolution
		Debug|Any CPU = Debug|Any CPU
		Debug|ARM = Debug|ARM
		Debug|Mixed Platforms = Debug|Mixed Platforms
		Debug|x86 = Debug|x86
		Master|Any CPU = Master|Any CPU
		Master|ARM = Master|ARM
		Master|Mixed Platforms = Master|Mixed Platforms
		Master|x86 = Master|x86
		QA|Any CPU = QA|Any CPU
		QA|ARM = QA|ARM
		QA|Mixed Platforms = QA|Mixed Platforms
		QA|x86 = QA|x86
		Release|Any CPU = Release|Any CPU
		Release|ARM = Release|ARM
		Release|Mixed Platforms = Release|Mixed Platforms
		Release|x86 = Release|x86
	EndGlobalSection
	GlobalSection(ProjectConfigurationPlatforms) = postSolution
		{9A513B19-3E02-41BF-8968-58BC58B0A6B3}.Debug|Any CPU.ActiveCfg = Debug|x86
		{9A513B19-3E02-41BF-8968-58BC58B0A6B3}.Debug|ARM.ActiveCfg = Debug|ARM
		{9A513B19-3E02-41BF-8968-58BC58B0A6B3}.Debug|ARM.Build.0 = Debug|ARM
		{9A513B19-3E02-41BF-8968-58BC58B0A6B3}.Debug|ARM.Deploy.0 = Debug|ARM
		{9A513B19-3E02-41BF-8968-58BC58B0A6B3}.Debug|Mixed Platforms.ActiveCfg = Debug|x86
		{9A513B19-3E02-41BF-8968-58BC58B0A6B3}.Debug|Mixed Platforms.Build.0 = Debug|x86
		{9A513B19-3E02-41BF-8968-58BC58B0A6B3}.Debug|Mixed Platforms.Deploy.0 = Debug|x86
		{9A513B19-3E02-41BF-8968-58BC58B0A6B3}.Debug|x86.ActiveCfg = Debug|x86
		{9A513B19-3E02-41BF-8968-58BC58B0A6B3}.Debug|x86.Build.0 = Debug|x86
		{9A513B19-3E02-41BF-8968-58BC58B0A6B3}.Debug|x86.Deploy.0 = Debug|x86
		{9A513B19-3E02-41BF-8968-58BC58B0A6B3}.Master|Any CPU.ActiveCfg = Master|x86
		{9A513B19-3E02-41BF-8968-58BC58B0A6B3}.Master|ARM.ActiveCfg = Master|ARM
		{9A513B19-3E02-41BF-8968-58BC58B0A6B3}.Master|ARM.Build.0 = Master|ARM
		{9A513B19-3E02-41BF-8968-58BC58B0A6B3}.Master|ARM.Deploy.0 = Master|ARM
		{9A513B19-3E02-41BF-8968-58BC58B0A6B3}.Master|Mixed Platforms.ActiveCfg = Master|x86
		{9A513B19-3E02-41BF-8968-58BC58B0A6B3}.Master|Mixed Platforms.Build.0 = Master|x86
		{9A513B19-3E02-41BF-8968-58BC58B0A6B3}.Master|Mixed Platforms.Deploy.0 = Master|x86
		{9A513B19-3E02-41BF-8968-58BC58B0A6B3}.Master|x86.ActiveCfg = Master|x86
		{9A513B19-3E02-41BF-8968-58BC58B0A6B3}.Master|x86.Build.0 = Master|x86
		{9A513B19-3E02-41BF-8968-58BC58B0A6B3}.Master|x86.Deploy.0 = Master|x86
		{9A513B19-3E02-41BF-8968-58BC58B0A6B3}.QA|Any CPU.ActiveCfg = QA|x86
		{9A513B19-3E02-41BF-8968-58BC58B0A6B3}.QA|ARM.ActiveCfg = QA|ARM
		{9A513B19-3E02-41BF-8968-58BC58B0A6B3}.QA|ARM.Build.0 = QA|ARM
		{9A513B19-3E02-41BF-8968-58BC58B0A6B3}.QA|ARM.Deploy.0 = QA|ARM
		{9A513B19-3E02-41BF-8968-58BC58B0A6B3}.QA|Mixed Platforms.ActiveCfg = QA|x86
		{9A513B19-3E02-41BF-8968-58BC58B0A6B3}.QA|Mixed Platforms.Build.0 = QA|x86
		{9A513B19-3E02-41BF-8968-58BC58B0A6B3}.QA|Mixed Platforms.Deploy.0 = QA|x86
		{9A513B19-3E02-41BF-8968-58BC58B0A6B3}.QA|x86.ActiveCfg = QA|x86
		{9A513B19-3E02-41BF-8968-58BC58B0A6B3}.QA|x86.Build.0 = QA|x86
		{9A513B19-3E02-41BF-8968-58BC58B0A6B3}.QA|x86.Deploy.0 = QA|x86
		{9A513B19-3E02-41BF-8968-58BC58B0A6B3}.Release|Any CPU.ActiveCfg = Release|x86
		{9A513B19-3E02-41BF-8968-58BC58B0A6B3}.Release|ARM.ActiveCfg = Release|ARM
		{9A513B19-3E02-41BF-8968-58BC58B0A6B3}.Release|ARM.Build.0 = Release|ARM
		{9A513B19-3E02-41BF-8968-58BC58B0A6B3}.Release|ARM.Deploy.0 = Release|ARM
		{9A513B19-3E02-41BF-8968-58BC58B0A6B3}.Release|Mixed Platforms.ActiveCfg = Release|x86
		{9A513B19-3E02-41BF-8968-58BC58B0A6B3}.Release|Mixed Platforms.Build.0 = Release|x86
		{9A513B19-3E02-41BF-8968-58BC58B0A6B3}.Release|Mixed Platforms.Deploy.0 = Release|x86
		{9A513B19-3E02-41BF-8968-58BC58B0A6B3}.Release|x86.ActiveCfg = Release|x86
		{9A513B19-3E02-41BF-8968-58BC58B0A6B3}.Release|x86.Build.0 = Release|x86
		{9A513B19-3E02-41BF-8968-58BC58B0A6B3}.Release|x86.Deploy.0 = Release|x86
		{B00F6819-DE2A-40D7-8CD3-44CD3E5FAFD0}.Debug|Any CPU.ActiveCfg = Debug|x86
		{B00F6819-DE2A-40D7-8CD3-44CD3E5FAFD0}.Debug|ARM.ActiveCfg = Debug|ARM
		{B00F6819-DE2A-40D7-8CD3-44CD3E5FAFD0}.Debug|ARM.Build.0 = Debug|ARM
		{B00F6819-DE2A-40D7-8CD3-44CD3E5FAFD0}.Debug|ARM.Deploy.0 = Debug|ARM
		{B00F6819-DE2A-40D7-8CD3-44CD3E5FAFD0}.Debug|Mixed Platforms.ActiveCfg = Debug|x86
		{B00F6819-DE2A-40D7-8CD3-44CD3E5FAFD0}.Debug|Mixed Platforms.Build.0 = Debug|x86
		{B00F6819-DE2A-40D7-8CD3-44CD3E5FAFD0}.Debug|Mixed Platforms.Deploy.0 = Debug|x86
		{B00F6819-DE2A-40D7-8CD3-44CD3E5FAFD0}.Debug|x86.ActiveCfg = Debug|x86
		{B00F6819-DE2A-40D7-8CD3-44CD3E5FAFD0}.Debug|x86.Build.0 = Debug|x86
		{B00F6819-DE2A-40D7-8CD3-44CD3E5FAFD0}.Debug|x86.Deploy.0 = Debug|x86
		{B00F6819-DE2A-40D7-8CD3-44CD3E5FAFD0}.Master|Any CPU.ActiveCfg = Master|x86
		{B00F6819-DE2A-40D7-8CD3-44CD3E5FAFD0}.Master|ARM.ActiveCfg = Master|ARM
		{B00F6819-DE2A-40D7-8CD3-44CD3E5FAFD0}.Master|ARM.Build.0 = Master|ARM
		{B00F6819-DE2A-40D7-8CD3-44CD3E5FAFD0}.Master|ARM.Deploy.0 = Master|ARM
		{B00F6819-DE2A-40D7-8CD3-44CD3E5FAFD0}.Master|Mixed Platforms.ActiveCfg = Master|x86
		{B00F6819-DE2A-40D7-8CD3-44CD3E5FAFD0}.Master|Mixed Platforms.Build.0 = Master|x86
		{B00F6819-DE2A-40D7-8CD3-44CD3E5FAFD0}.Master|Mixed Platforms.Deploy.0 = Master|x86
		{B00F6819-DE2A-40D7-8CD3-44CD3E5FAFD0}.Master|x86.ActiveCfg = Master|x86
		{B00F6819-DE2A-40D7-8CD3-44CD3E5FAFD0}.Master|x86.Build.0 = Master|x86
		{B00F6819-DE2A-40D7-8CD3-44CD3E5FAFD0}.Master|x86.Deploy.0 = Master|x86
		{B00F6819-DE2A-40D7-8CD3-44CD3E5FAFD0}.QA|Any CPU.ActiveCfg = QA|x86
		{B00F6819-DE2A-40D7-8CD3-44CD3E5FAFD0}.QA|ARM.ActiveCfg = QA|ARM
		{B00F6819-DE2A-40D7-8CD3-44CD3E5FAFD0}.QA|ARM.Build.0 = QA|ARM
		{B00F6819-DE2A-40D7-8CD3-44CD3E5FAFD0}.QA|ARM.Deploy.0 = QA|ARM
		{B00F6819-DE2A-40D7-8CD3-44CD3E5FAFD0}.QA|Mixed Platforms.ActiveCfg = QA|x86
		{B00F6819-DE2A-40D7-8CD3-44CD3E5FAFD0}.QA|Mixed Platforms.Build.0 = QA|x86
		{B00F6819-DE2A-40D7-8CD3-44CD3E5FAFD0}.QA|Mixed Platforms.Deploy.0 = QA|x86
		{B00F6819-DE2A-40D7-8CD3-44CD3E5FAFD0}.QA|x86.ActiveCfg = QA|x86
		{B00F6819-DE2A-40D7-8CD3-44CD3E5FAFD0}.QA|x86.Build.0 = QA|x86
		{B00F6819-DE2A-40D7-8CD3-44CD3E5FAFD0}.QA|x86.Deploy.0 = QA|x86
		{B00F6819-DE2A-40D7-8CD3-44CD3E5FAFD0}.Release|Any CPU.ActiveCfg = Release|x86
		{B00F6819-DE2A-40D7-8CD3-44CD3E5FAFD0}.Release|ARM.ActiveCfg = Release|ARM
		{B00F6819-DE2A-40D7-8CD3-44CD3E5FAFD0}.Release|ARM.Build.0 = Release|ARM
		{B00F6819-DE2A-40D7-8CD3-44CD3E5FAFD0}.Release|ARM.Deploy.0 = Release|ARM
		{B00F6819-DE2A-40D7-8CD3-44CD3E5FAFD0}.Release|Mixed Platforms.ActiveCfg = Release|x86
		{B00F6819-DE2A-40D7-8CD3-44CD3E5FAFD0}.Release|Mixed Platforms.Build.0 = Release|x86
		{B00F6819-DE2A-40D7-8CD3-44CD3E5FAFD0}.Release|Mixed Platforms.Deploy.0 = Release|x86
		{B00F6819-DE2A-40D7-8CD3-44CD3E5FAFD0}.Release|x86.ActiveCfg = Release|x86
		{B00F6819-DE2A-40D7-8CD3-44CD3E5FAFD0}.Release|x86.Build.0 = Release|x86
		{B00F6819-DE2A-40D7-8CD3-44CD3E5FAFD0}.Release|x86.Deploy.0 = Release|x86
		{E28075F4-2E4E-4ACC-B733-DC279D452CF0}.Debug|Any CPU.ActiveCfg = Debug|Any CPU
		{E28075F4-2E4E-4ACC-B733-DC279D452CF0}.Debug|Any CPU.Build.0 = Debug|Any CPU
		{E28075F4-2E4E-4ACC-B733-DC279D452CF0}.Debug|ARM.ActiveCfg = Debug|Any CPU
		{E28075F4-2E4E-4ACC-B733-DC279D452CF0}.Debug|ARM.Build.0 = Debug|Any CPU
		{E28075F4-2E4E-4ACC-B733-DC279D452CF0}.Debug|Mixed Platforms.ActiveCfg = Debug|x86
		{E28075F4-2E4E-4ACC-B733-DC279D452CF0}.Debug|Mixed Platforms.Build.0 = Debug|x86
		{E28075F4-2E4E-4ACC-B733-DC279D452CF0}.Debug|x86.ActiveCfg = Debug|x86
		{E28075F4-2E4E-4ACC-B733-DC279D452CF0}.Debug|x86.Build.0 = Debug|x86
		{E28075F4-2E4E-4ACC-B733-DC279D452CF0}.Master|Any CPU.ActiveCfg = Release|Any CPU
		{E28075F4-2E4E-4ACC-B733-DC279D452CF0}.Master|Any CPU.Build.0 = Release|Any CPU
		{E28075F4-2E4E-4ACC-B733-DC279D452CF0}.Master|ARM.ActiveCfg = Release|ARM
		{E28075F4-2E4E-4ACC-B733-DC279D452CF0}.Master|ARM.Build.0 = Release|ARM
		{E28075F4-2E4E-4ACC-B733-DC279D452CF0}.Master|Mixed Platforms.ActiveCfg = Release|x86
		{E28075F4-2E4E-4ACC-B733-DC279D452CF0}.Master|Mixed Platforms.Build.0 = Release|x86
		{E28075F4-2E4E-4ACC-B733-DC279D452CF0}.Master|x86.ActiveCfg = Release|x86
		{E28075F4-2E4E-4ACC-B733-DC279D452CF0}.Master|x86.Build.0 = Release|x86
		{E28075F4-2E4E-4ACC-B733-DC279D452CF0}.QA|Any CPU.ActiveCfg = Release|Any CPU
		{E28075F4-2E4E-4ACC-B733-DC279D452CF0}.QA|Any CPU.Build.0 = Release|Any CPU
		{E28075F4-2E4E-4ACC-B733-DC279D452CF0}.QA|ARM.ActiveCfg = Release|ARM
		{E28075F4-2E4E-4ACC-B733-DC279D452CF0}.QA|ARM.Build.0 = Release|ARM
		{E28075F4-2E4E-4ACC-B733-DC279D452CF0}.QA|Mixed Platforms.ActiveCfg = Release|x86
		{E28075F4-2E4E-4ACC-B733-DC279D452CF0}.QA|Mixed Platforms.Build.0 = Release|x86
		{E28075F4-2E4E-4ACC-B733-DC279D452CF0}.QA|x86.ActiveCfg = Release|x86
		{E28075F4-2E4E-4ACC-B733-DC279D452CF0}.QA|x86.Build.0 = Release|x86
		{E28075F4-2E4E-4ACC-B733-DC279D452CF0}.Release|Any CPU.ActiveCfg = Release|Any CPU
		{E28075F4-2E4E-4ACC-B733-DC279D452CF0}.Release|Any CPU.Build.0 = Release|Any CPU
		{E28075F4-2E4E-4ACC-B733-DC279D452CF0}.Release|ARM.ActiveCfg = Release|ARM
		{E28075F4-2E4E-4ACC-B733-DC279D452CF0}.Release|ARM.Build.0 = Release|ARM
		{E28075F4-2E4E-4ACC-B733-DC279D452CF0}.Release|Mixed Platforms.ActiveCfg = Release|x86
		{E28075F4-2E4E-4ACC-B733-DC279D452CF0}.Release|Mixed Platforms.Build.0 = Release|x86
		{E28075F4-2E4E-4ACC-B733-DC279D452CF0}.Release|x86.ActiveCfg = Release|x86
		{E28075F4-2E4E-4ACC-B733-DC279D452CF0}.Release|x86.Build.0 = Release|x86
		{90CDE2A7-8387-A557-140D-C2F8EFB09D5B}.Debug|Any CPU.ActiveCfg = Debug|Any CPU
		{90CDE2A7-8387-A557-140D-C2F8EFB09D5B}.Debug|Any CPU.Build.0 = Debug|Any CPU
		{90CDE2A7-8387-A557-140D-C2F8EFB09D5B}.Debug|ARM.ActiveCfg = Debug|Any CPU
		{90CDE2A7-8387-A557-140D-C2F8EFB09D5B}.Debug|Mixed Platforms.ActiveCfg = Debug|Any CPU
		{90CDE2A7-8387-A557-140D-C2F8EFB09D5B}.Debug|Mixed Platforms.Build.0 = Debug|Any CPU
		{90CDE2A7-8387-A557-140D-C2F8EFB09D5B}.Debug|x86.ActiveCfg = Debug|Any CPU
		{90CDE2A7-8387-A557-140D-C2F8EFB09D5B}.Master|Any CPU.ActiveCfg = Release|Any CPU
		{90CDE2A7-8387-A557-140D-C2F8EFB09D5B}.Master|Any CPU.Build.0 = Release|Any CPU
		{90CDE2A7-8387-A557-140D-C2F8EFB09D5B}.Master|ARM.ActiveCfg = Release|Any CPU
		{90CDE2A7-8387-A557-140D-C2F8EFB09D5B}.Master|Mixed Platforms.ActiveCfg = Release|Any CPU
		{90CDE2A7-8387-A557-140D-C2F8EFB09D5B}.Master|Mixed Platforms.Build.0 = Release|Any CPU
		{90CDE2A7-8387-A557-140D-C2F8EFB09D5B}.Master|x86.ActiveCfg = Release|Any CPU
		{90CDE2A7-8387-A557-140D-C2F8EFB09D5B}.QA|Any CPU.ActiveCfg = Release|Any CPU
		{90CDE2A7-8387-A557-140D-C2F8EFB09D5B}.QA|Any CPU.Build.0 = Release|Any CPU
		{90CDE2A7-8387-A557-140D-C2F8EFB09D5B}.QA|ARM.ActiveCfg = Release|Any CPU
		{90CDE2A7-8387-A557-140D-C2F8EFB09D5B}.QA|Mixed Platforms.ActiveCfg = Release|Any CPU
		{90CDE2A7-8387-A557-140D-C2F8EFB09D5B}.QA|Mixed Platforms.Build.0 = Release|Any CPU
		{90CDE2A7-8387-A557-140D-C2F8EFB09D5B}.QA|x86.ActiveCfg = Release|Any CPU
		{90CDE2A7-8387-A557-140D-C2F8EFB09D5B}.Release|Any CPU.ActiveCfg = Release|Any CPU
		{90CDE2A7-8387-A557-140D-C2F8EFB09D5B}.Release|Any CPU.Build.0 = Release|Any CPU
		{90CDE2A7-8387-A557-140D-C2F8EFB09D5B}.Release|ARM.ActiveCfg = Release|Any CPU
		{90CDE2A7-8387-A557-140D-C2F8EFB09D5B}.Release|Mixed Platforms.ActiveCfg = Release|Any CPU
		{90CDE2A7-8387-A557-140D-C2F8EFB09D5B}.Release|Mixed Platforms.Build.0 = Release|Any CPU
		{90CDE2A7-8387-A557-140D-C2F8EFB09D5B}.Release|x86.ActiveCfg = Release|Any CPU
		{03C92405-2762-841D-5E89-E9557D9E581E}.Debug|Any CPU.ActiveCfg = Debug|Any CPU
		{03C92405-2762-841D-5E89-E9557D9E581E}.Debug|Any CPU.Build.0 = Debug|Any CPU
		{03C92405-2762-841D-5E89-E9557D9E581E}.Debug|ARM.ActiveCfg = Debug|Any CPU
		{03C92405-2762-841D-5E89-E9557D9E581E}.Debug|Mixed Platforms.ActiveCfg = Debug|Any CPU
		{03C92405-2762-841D-5E89-E9557D9E581E}.Debug|Mixed Platforms.Build.0 = Debug|Any CPU
		{03C92405-2762-841D-5E89-E9557D9E581E}.Debug|x86.ActiveCfg = Debug|Any CPU
		{03C92405-2762-841D-5E89-E9557D9E581E}.Master|Any CPU.ActiveCfg = Release|Any CPU
		{03C92405-2762-841D-5E89-E9557D9E581E}.Master|Any CPU.Build.0 = Release|Any CPU
		{03C92405-2762-841D-5E89-E9557D9E581E}.Master|ARM.ActiveCfg = Release|Any CPU
		{03C92405-2762-841D-5E89-E9557D9E581E}.Master|Mixed Platforms.ActiveCfg = Release|Any CPU
		{03C92405-2762-841D-5E89-E9557D9E581E}.Master|Mixed Platforms.Build.0 = Release|Any CPU
		{03C92405-2762-841D-5E89-E9557D9E581E}.Master|x86.ActiveCfg = Release|Any CPU
		{03C92405-2762-841D-5E89-E9557D9E581E}.QA|Any CPU.ActiveCfg = Release|Any CPU
		{03C92405-2762-841D-5E89-E9557D9E581E}.QA|Any CPU.Build.0 = Release|Any CPU
		{03C92405-2762-841D-5E89-E9557D9E581E}.QA|ARM.ActiveCfg = Release|Any CPU
		{03C92405-2762-841D-5E89-E9557D9E581E}.QA|Mixed Platforms.ActiveCfg = Release|Any CPU
		{03C92405-2762-841D-5E89-E9557D9E581E}.QA|Mixed Platforms.Build.0 = Release|Any CPU
		{03C92405-2762-841D-5E89-E9557D9E581E}.QA|x86.ActiveCfg = Release|Any CPU
		{03C92405-2762-841D-5E89-E9557D9E581E}.Release|Any CPU.ActiveCfg = Release|Any CPU
		{03C92405-2762-841D-5E89-E9557D9E581E}.Release|Any CPU.Build.0 = Release|Any CPU
		{03C92405-2762-841D-5E89-E9557D9E581E}.Release|ARM.ActiveCfg = Release|Any CPU
		{03C92405-2762-841D-5E89-E9557D9E581E}.Release|Mixed Platforms.ActiveCfg = Release|Any CPU
		{03C92405-2762-841D-5E89-E9557D9E581E}.Release|Mixed Platforms.Build.0 = Release|Any CPU
		{03C92405-2762-841D-5E89-E9557D9E581E}.Release|x86.ActiveCfg = Release|Any CPU
		{90F83486-ED19-464F-A950-988B74E158D2}.Debug|Any CPU.ActiveCfg = Debug|Any CPU
		{90F83486-ED19-464F-A950-988B74E158D2}.Debug|Any CPU.Build.0 = Debug|Any CPU
		{90F83486-ED19-464F-A950-988B74E158D2}.Debug|ARM.ActiveCfg = Debug|ARM
		{90F83486-ED19-464F-A950-988B74E158D2}.Debug|ARM.Build.0 = Debug|ARM
		{90F83486-ED19-464F-A950-988B74E158D2}.Debug|Mixed Platforms.ActiveCfg = Debug|x86
		{90F83486-ED19-464F-A950-988B74E158D2}.Debug|Mixed Platforms.Build.0 = Debug|x86
		{90F83486-ED19-464F-A950-988B74E158D2}.Debug|x86.ActiveCfg = Debug|x86
		{90F83486-ED19-464F-A950-988B74E158D2}.Debug|x86.Build.0 = Debug|x86
		{90F83486-ED19-464F-A950-988B74E158D2}.Master|Any CPU.ActiveCfg = Release|Any CPU
		{90F83486-ED19-464F-A950-988B74E158D2}.Master|Any CPU.Build.0 = Release|Any CPU
		{90F83486-ED19-464F-A950-988B74E158D2}.Master|ARM.ActiveCfg = Release|ARM
		{90F83486-ED19-464F-A950-988B74E158D2}.Master|ARM.Build.0 = Release|ARM
		{90F83486-ED19-464F-A950-988B74E158D2}.Master|Mixed Platforms.ActiveCfg = Release|x86
		{90F83486-ED19-464F-A950-988B74E158D2}.Master|Mixed Platforms.Build.0 = Release|x86
		{90F83486-ED19-464F-A950-988B74E158D2}.Master|x86.ActiveCfg = Release|x86
		{90F83486-ED19-464F-A950-988B74E158D2}.Master|x86.Build.0 = Release|x86
		{90F83486-ED19-464F-A950-988B74E158D2}.QA|Any CPU.ActiveCfg = Release|Any CPU
		{90F83486-ED19-464F-A950-988B74E158D2}.QA|Any CPU.Build.0 = Release|Any CPU
		{90F83486-ED19-464F-A950-988B74E158D2}.QA|ARM.ActiveCfg = Release|ARM
		{90F83486-ED19-464F-A950-988B74E158D2}.QA|ARM.Build.0 = Release|ARM
		{90F83486-ED19-464F-A950-988B74E158D2}.QA|Mixed Platforms.ActiveCfg = Release|x86
		{90F83486-ED19-464F-A950-988B74E158D2}.QA|Mixed Platforms.Build.0 = Release|x86
		{90F83486-ED19-464F-A950-988B74E158D2}.QA|x86.ActiveCfg = Release|x86
		{90F83486-ED19-464F-A950-988B74E158D2}.QA|x86.Build.0 = Release|x86
		{90F83486-ED19-464F-A950-988B74E158D2}.Release|Any CPU.ActiveCfg = Release|Any CPU
		{90F83486-ED19-464F-A950-988B74E158D2}.Release|Any CPU.Build.0 = Release|Any CPU
		{90F83486-ED19-464F-A950-988B74E158D2}.Release|ARM.ActiveCfg = Release|ARM
		{90F83486-ED19-464F-A950-988B74E158D2}.Release|ARM.Build.0 = Release|ARM
		{90F83486-ED19-464F-A950-988B74E158D2}.Release|Mixed Platforms.ActiveCfg = Release|x86
		{90F83486-ED19-464F-A950-988B74E158D2}.Release|Mixed Platforms.Build.0 = Release|x86
		{90F83486-ED19-464F-A950-988B74E158D2}.Release|x86.ActiveCfg = Release|x86
		{90F83486-ED19-464F-A950-988B74E158D2}.Release|x86.Build.0 = Release|x86
	EndGlobalSection
	GlobalSection(SolutionProperties) = preSolution
		HideSolutionNode = FALSE
	EndGlobalSection
EndGlobal
